version = 1
revision = 3
requires-python = "==3.10.*"
resolution-markers = [
    "sys_platform == 'darwin'",
    "platform_machine == 'aarch64' and sys_platform == 'linux'",
    "(platform_machine != 'aarch64' and sys_platform == 'linux') or (sys_platform != 'darwin' and sys_platform != 'linux')",
]

[[package]]
name = "blinker"
version = "1.9.0"
source = { registry = "https://pypi.org/simple" }
sdist = { url = "https://files.pythonhosted.org/packages/21/28/9b3f50ce0e048515135495f198351908d99540d69bfdc8c1d15b73dc55ce/blinker-1.9.0.tar.gz", hash = "sha256:b4ce2265a7abece45e7cc896e98dbebe6cead56bcf805a3d23136d145f5445bf", size = 22460, upload-time = "2024-11-08T17:25:47.436Z" }
wheels = [
    { url = "https://files.pythonhosted.org/packages/10/cb/f2ad4230dc2eb1a74edf38f1a38b9b52277f75bef262d8908e60d957e13c/blinker-1.9.0-py3-none-any.whl", hash = "sha256:ba0efaa9080b619ff2f3459d1d500c57bddea4a6b424b60a91141db6fd2f08bc", size = 8458, upload-time = "2024-11-08T17:25:46.184Z" },
]

[[package]]
name = "carla"
version = "0.9.15"
source = { registry = "https://pypi.org/simple" }
wheels = [
    { url = "https://files.pythonhosted.org/packages/86/5a/74cf6657e5bb4b8ffe790ef92a01d7f44592a992d758c7053cd6bc75bd96/carla-0.9.15-cp310-cp310-manylinux_2_27_x86_64.whl", hash = "sha256:61449e33260f6a0cfd2f88d56f2463a5797a0b51bc46618beec07365422d4ad6", size = 31895950, upload-time = "2023-11-14T22:51:08.532Z" },
    { url = "https://files.pythonhosted.org/packages/96/2e/211ca08509e0ec264df6547d6745917d5f9a5c62abae0fe48fc4300cf2a9/carla-0.9.15-cp310-cp310-win_amd64.whl", hash = "sha256:1ec9995169175f0d5e3e84762b7376214b72352ef006f22832d05c1380e62295", size = 4862744, upload-time = "2023-11-14T22:51:12.511Z" },
]

[[package]]
name = "click"
version = "8.3.1"
source = { registry = "https://pypi.org/simple" }
dependencies = [
    { name = "colorama", marker = "sys_platform == 'win32'" },
]
sdist = { url = "https://files.pythonhosted.org/packages/3d/fa/656b739db8587d7b5dfa22e22ed02566950fbfbcdc20311993483657a5c0/click-8.3.1.tar.gz", hash = "sha256:12ff4785d337a1bb490bb7e9c2b1ee5da3112e94a8622f26a6c77f5d2fc6842a", size = 295065, upload-time = "2025-11-15T20:45:42.706Z" }
wheels = [
    { url = "https://files.pythonhosted.org/packages/98/78/01c019cdb5d6498122777c1a43056ebb3ebfeef2076d9d026bfe15583b2b/click-8.3.1-py3-none-any.whl", hash = "sha256:981153a64e25f12d547d3426c367a4857371575ee7ad18df2a6183ab0545b2a6", size = 108274, upload-time = "2025-11-15T20:45:41.139Z" },
]

[[package]]
name = "colorama"
version = "0.4.6"
source = { registry = "https://pypi.org/simple" }
sdist = { url = "https://files.pythonhosted.org/packages/d8/53/6f443c9a4a8358a93a6792e2acffb9d9d5cb0a5cfd8802644b7b1c9a02e4/colorama-0.4.6.tar.gz", hash = "sha256:08695f5cb7ed6e0531a20572697297273c47b8cae5a63ffc6d6ed5c201be6e44", size = 27697, upload-time = "2022-10-25T02:36:22.414Z" }
wheels = [
    { url = "https://files.pythonhosted.org/packages/d1/d6/3965ed04c63042e047cb6a3e6ed1a63a35087b6a609aa3a15ed8ac56c221/colorama-0.4.6-py2.py3-none-any.whl", hash = "sha256:4f1d9991f5acc0ca119f9d443620b77f9d6b33703e51011c16baf57afb285fc6", size = 25335, upload-time = "2022-10-25T02:36:20.889Z" },
]

[[package]]
name = "flask"
version = "3.0.3"
source = { registry = "https://pypi.org/simple" }
dependencies = [
    { name = "blinker" },
    { name = "click" },
    { name = "itsdangerous" },
    { name = "jinja2" },
    { name = "werkzeug" },
]
sdist = { url = "https://files.pythonhosted.org/packages/41/e1/d104c83026f8d35dfd2c261df7d64738341067526406b40190bc063e829a/flask-3.0.3.tar.gz", hash = "sha256:ceb27b0af3823ea2737928a4d99d125a06175b8512c445cbd9a9ce200ef76842", size = 676315, upload-time = "2024-04-07T19:26:11.035Z" }
wheels = [
    { url = "https://files.pythonhosted.org/packages/61/80/ffe1da13ad9300f87c93af113edd0638c75138c42a0994becfacac078c06/flask-3.0.3-py3-none-any.whl", hash = "sha256:34e815dfaa43340d1d15a5c3a02b8476004037eb4840b34910c6e21679d288f3", size = 101735, upload-time = "2024-04-07T19:26:08.569Z" },
]

[[package]]
name = "gym"
version = "0.12.5"
source = { registry = "https://pypi.org/simple" }
dependencies = [
    { name = "numpy" },
    { name = "pyglet" },
    { name = "scipy" },
    { name = "six" },
]
sdist = { url = "https://files.pythonhosted.org/packages/0c/c4/307107c687f75267d645415d57db8c0a6e29e20ac30d8f4a10e8030b6737/gym-0.12.5.tar.gz", hash = "sha256:027422f59b662748eae3420b804e35bbf953f62d40cd96d2de9f842c08de822e", size = 1544308, upload-time = "2019-05-29T01:03:43.858Z" }

[[package]]
name = "itsdangerous"
version = "2.2.0"
source = { registry = "https://pypi.org/simple" }
sdist = { url = "https://files.pythonhosted.org/packages/9c/cb/8ac0172223afbccb63986cc25049b154ecfb5e85932587206f42317be31d/itsdangerous-2.2.0.tar.gz", hash = "sha256:e0050c0b7da1eea53ffaf149c0cfbb5c6e2e2b69c4bef22c81fa6eb73e5f6173", size = 54410, upload-time = "2024-04-16T21:28:15.614Z" }
wheels = [
    { url = "https://files.pythonhosted.org/packages/04/96/92447566d16df59b2a776c0fb82dbc4d9e07cd95062562af01e408583fc4/itsdangerous-2.2.0-py3-none-any.whl", hash = "sha256:c6242fc49e35958c8b15141343aa660db5fc54d4f13a1db01a3f5891b98700ef", size = 16234, upload-time = "2024-04-16T21:28:14.499Z" },
]

[[package]]
name = "jinja2"
version = "3.1.6"
source = { registry = "https://pypi.org/simple" }
dependencies = [
    { name = "markupsafe" },
]
sdist = { url = "https://files.pythonhosted.org/packages/df/bf/f7da0350254c0ed7c72f3e33cef02e048281fec7ecec5f032d4aac52226b/jinja2-3.1.6.tar.gz", hash = "sha256:0137fb05990d35f1275a587e9aee6d56da821fc83491a0fb838183be43f66d6d", size = 245115, upload-time = "2025-03-05T20:05:02.478Z" }
wheels = [
    { url = "https://files.pythonhosted.org/packages/62/a1/3d680cbfd5f4b8f15abc1d571870c5fc3e594bb582bc3b64ea099db13e56/jinja2-3.1.6-py3-none-any.whl", hash = "sha256:85ece4451f492d0c13c5dd7c13a64681a86afae63a5f347908daf103ce6d2f67", size = 134899, upload-time = "2025-03-05T20:05:00.369Z" },
]

[[package]]
name = "markupsafe"
version = "3.0.3"
source = { registry = "https://pypi.org/simple" }
sdist = { url = "https://files.pythonhosted.org/packages/7e/99/7690b6d4034fffd95959cbe0c02de8deb3098cc577c67bb6a24fe5d7caa7/markupsafe-3.0.3.tar.gz", hash = "sha256:722695808f4b6457b320fdc131280796bdceb04ab50fe1795cd540799ebe1698", size = 80313, upload-time = "2025-09-27T18:37:40.426Z" }
wheels = [
    { url = "https://files.pythonhosted.org/packages/e8/4b/3541d44f3937ba468b75da9eebcae497dcf67adb65caa16760b0a6807ebb/markupsafe-3.0.3-cp310-cp310-macosx_10_9_x86_64.whl", hash = "sha256:2f981d352f04553a7171b8e44369f2af4055f888dfb147d55e42d29e29e74559", size = 11631, upload-time = "2025-09-27T18:36:05.558Z" },
    { url = "https://files.pythonhosted.org/packages/98/1b/fbd8eed11021cabd9226c37342fa6ca4e8a98d8188a8d9b66740494960e4/markupsafe-3.0.3-cp310-cp310-macosx_11_0_arm64.whl", hash = "sha256:e1c1493fb6e50ab01d20a22826e57520f1284df32f2d8601fdd90b6304601419", size = 12057, upload-time = "2025-09-27T18:36:07.165Z" },
    { url = "https://files.pythonhosted.org/packages/40/01/e560d658dc0bb8ab762670ece35281dec7b6c1b33f5fbc09ebb57a185519/markupsafe-3.0.3-cp310-cp310-manylinux2014_aarch64.manylinux_2_17_aarch64.manylinux_2_28_aarch64.whl", hash = "sha256:1ba88449deb3de88bd40044603fafffb7bc2b055d626a330323a9ed736661695", size = 22050, upload-time = "2025-09-27T18:36:08.005Z" },
    { url = "https://files.pythonhosted.org/packages/af/cd/ce6e848bbf2c32314c9b237839119c5a564a59725b53157c856e90937b7a/markupsafe-3.0.3-cp310-cp310-manylinux2014_x86_64.manylinux_2_17_x86_64.manylinux_2_28_x86_64.whl", hash = "sha256:f42d0984e947b8adf7dd6dde396e720934d12c506ce84eea8476409563607591", size = 20681, upload-time = "2025-09-27T18:36:08.881Z" },
    { url = "https://files.pythonhosted.org/packages/c9/2a/b5c12c809f1c3045c4d580b035a743d12fcde53cf685dbc44660826308da/markupsafe-3.0.3-cp310-cp310-manylinux_2_31_riscv64.manylinux_2_39_riscv64.whl", hash = "sha256:c0c0b3ade1c0b13b936d7970b1d37a57acde9199dc2aecc4c336773e1d86049c", size = 20705, upload-time = "2025-09-27T18:36:10.131Z" },
    { url = "https://files.pythonhosted.org/packages/cf/e3/9427a68c82728d0a88c50f890d0fc072a1484de2f3ac1ad0bfc1a7214fd5/markupsafe-3.0.3-cp310-cp310-musllinux_1_2_aarch64.whl", hash = "sha256:0303439a41979d9e74d18ff5e2dd8c43ed6c6001fd40e5bf2e43f7bd9bbc523f", size = 21524, upload-time = "2025-09-27T18:36:11.324Z" },
    { url = "https://files.pythonhosted.org/packages/bc/36/23578f29e9e582a4d0278e009b38081dbe363c5e7165113fad546918a232/markupsafe-3.0.3-cp310-cp310-musllinux_1_2_riscv64.whl", hash = "sha256:d2ee202e79d8ed691ceebae8e0486bd9a2cd4794cec4824e1c99b6f5009502f6", size = 20282, upload-time = "2025-09-27T18:36:12.573Z" },
    { url = "https://files.pythonhosted.org/packages/56/21/dca11354e756ebd03e036bd8ad58d6d7168c80ce1fe5e75218e4945cbab7/markupsafe-3.0.3-cp310-cp310-musllinux_1_2_x86_64.whl", hash = "sha256:177b5253b2834fe3678cb4a5f0059808258584c559193998be2601324fdeafb1", size = 20745, upload-time = "2025-09-27T18:36:13.504Z" },
    { url = "https://files.pythonhosted.org/packages/87/99/faba9369a7ad6e4d10b6a5fbf71fa2a188fe4a593b15f0963b73859a1bbd/markupsafe-3.0.3-cp310-cp310-win32.whl", hash = "sha256:2a15a08b17dd94c53a1da0438822d70ebcd13f8c3a95abe3a9ef9f11a94830aa", size = 14571, upload-time = "2025-09-27T18:36:14.779Z" },
    { url = "https://files.pythonhosted.org/packages/d6/25/55dc3ab959917602c96985cb1253efaa4ff42f71194bddeb61eb7278b8be/markupsafe-3.0.3-cp310-cp310-win_amd64.whl", hash = "sha256:c4ffb7ebf07cfe8931028e3e4c85f0357459a3f9f9490886198848f4fa002ec8", size = 15056, upload-time = "2025-09-27T18:36:16.125Z" },
    { url = "https://files.pythonhosted.org/packages/d0/9e/0a02226640c255d1da0b8d12e24ac2aa6734da68bff14c05dd53b94a0fc3/markupsafe-3.0.3-cp310-cp310-win_arm64.whl", hash = "sha256:e2103a929dfa2fcaf9bb4e7c091983a49c9ac3b19c9061b6d5427dd7d14d81a1", size = 13932, upload-time = "2025-09-27T18:36:17.311Z" },
]

[[package]]
name = "networkx"
version = "3.1"
source = { registry = "https://pypi.org/simple" }
sdist = { url = "https://files.pythonhosted.org/packages/fd/a1/47b974da1a73f063c158a1f4cc33ed0abf7c04f98a19050e80c533c31f0c/networkx-3.1.tar.gz", hash = "sha256:de346335408f84de0eada6ff9fafafff9bcda11f0a0dfaa931133debb146ab61", size = 2021691, upload-time = "2023-04-04T20:07:56.693Z" }
wheels = [
    { url = "https://files.pythonhosted.org/packages/a8/05/9d4f9b78ead6b2661d6e8ea772e111fc4a9fbd866ad0c81906c11206b55e/networkx-3.1-py3-none-any.whl", hash = "sha256:4f33f68cb2afcf86f28a45f43efc27a9386b535d567d2127f8f61d51dec58d36", size = 2072251, upload-time = "2023-04-04T20:07:53.63Z" },
]

[[package]]
name = "numpy"
version = "1.24.3"
source = { registry = "https://pypi.org/simple" }
sdist = { url = "https://files.pythonhosted.org/packages/2c/d4/590ae7df5044465cc9fa2db152ae12468694d62d952b1528ecff328ef7fc/numpy-1.24.3.tar.gz", hash = "sha256:ab344f1bf21f140adab8e47fdbc7c35a477dc01408791f8ba00d018dd0bc5155", size = 10909904, upload-time = "2023-04-22T21:44:47.789Z" }
wheels = [
    { url = "https://files.pythonhosted.org/packages/f3/23/7cc851bae09cf4db90d42a701dfe525780883ada86bece45e3da7a07e76b/numpy-1.24.3-cp310-cp310-macosx_10_9_x86_64.whl", hash = "sha256:3c1104d3c036fb81ab923f507536daedc718d0ad5a8707c6061cdfd6d184e570", size = 19788647, upload-time = "2023-04-22T21:29:36.764Z" },
    { url = "https://files.pythonhosted.org/packages/fa/7d/8dfb40eecbb6bc83ca00ef979f5cdeca5909a250cb8b642dcf1fbd34c078/numpy-1.24.3-cp310-cp310-macosx_11_0_arm64.whl", hash = "sha256:202de8f38fc4a45a3eea4b63e2f376e5f2dc64ef0fa692838e31a808520efaf7", size = 13853918, upload-time = "2023-04-22T21:29:59.09Z" },
    { url = "https://files.pythonhosted.org/packages/62/e4/cd77d5f3d02c30d9ca8f2995df3cb3974c75cf1cc777fad445753475c4e4/numpy-1.24.3-cp310-cp310-manylinux_2_17_aarch64.manylinux2014_aarch64.whl", hash = "sha256:8535303847b89aa6b0f00aa1dc62867b5a32923e4d1681a35b5eef2d9591a463", size = 13995215, upload-time = "2023-04-22T21:30:20.33Z" },
    { url = "https://files.pythonhosted.org/packages/6f/72/38f9a536bdb5bfb1682f2520f133ec6e08dde8bcca1f632e347641d90763/numpy-1.24.3-cp310-cp310-manylinux_2_17_x86_64.manylinux2014_x86_64.whl", hash = "sha256:2d926b52ba1367f9acb76b0df6ed21f0b16a1ad87c6720a1121674e5cf63e2b6", size = 17281879, upload-time = "2023-04-22T21:30:46.087Z" },
    { url = "https://files.pythonhosted.org/packages/89/e3/e2f478b2ff131e7c3171044a87e74df61db4b67fbcb90be479c07a44d0a7/numpy-1.24.3-cp310-cp310-win32.whl", hash = "sha256:f21c442fdd2805e91799fbe044a7b999b8571bb0ab0f7850d0cb9641a687092b", size = 12428834, upload-time = "2023-04-22T21:31:05.215Z" },
    { url = "https://files.pythonhosted.org/packages/65/5d/46da284b0bf6cfbf04082c3c5e84399664d69e41c11a33587ad49b0c64e5/numpy-1.24.3-cp310-cp310-win_amd64.whl", hash = "sha256:ab5f23af8c16022663a652d3b25dcdc272ac3f83c3af4c02eb8b824e6b3ab9d7", size = 14841158, upload-time = "2023-04-22T21:31:28.341Z" },
]

[[package]]
name = "opencv-python"
version = "4.11.0.86"
source = { registry = "https://pypi.org/simple" }
dependencies = [
    { name = "numpy" },
]
sdist = { url = "https://files.pythonhosted.org/packages/17/06/68c27a523103dad5837dc5b87e71285280c4f098c60e4fe8a8db6486ab09/opencv-python-4.11.0.86.tar.gz", hash = "sha256:03d60ccae62304860d232272e4a4fda93c39d595780cb40b161b310244b736a4", size = 95171956, upload-time = "2025-01-16T13:52:24.737Z" }
wheels = [
    { url = "https://files.pythonhosted.org/packages/05/4d/53b30a2a3ac1f75f65a59eb29cf2ee7207ce64867db47036ad61743d5a23/opencv_python-4.11.0.86-cp37-abi3-macosx_13_0_arm64.whl", hash = "sha256:432f67c223f1dc2824f5e73cdfcd9db0efc8710647d4e813012195dc9122a52a", size = 37326322, upload-time = "2025-01-16T13:52:25.887Z" },
    { url = "https://files.pythonhosted.org/packages/3b/84/0a67490741867eacdfa37bc18df96e08a9d579583b419010d7f3da8ff503/opencv_python-4.11.0.86-cp37-abi3-macosx_13_0_x86_64.whl", hash = "sha256:9d05ef13d23fe97f575153558653e2d6e87103995d54e6a35db3f282fe1f9c66", size = 56723197, upload-time = "2025-01-16T13:55:21.222Z" },
    { url = "https://files.pythonhosted.org/packages/f3/bd/29c126788da65c1fb2b5fb621b7fed0ed5f9122aa22a0868c5e2c15c6d23/opencv_python-4.11.0.86-cp37-abi3-manylinux_2_17_aarch64.manylinux2014_aarch64.whl", hash = "sha256:1b92ae2c8852208817e6776ba1ea0d6b1e0a1b5431e971a2a0ddd2a8cc398202", size = 42230439, upload-time = "2025-01-16T13:51:35.822Z" },
    { url = "https://files.pythonhosted.org/packages/2c/8b/90eb44a40476fa0e71e05a0283947cfd74a5d36121a11d926ad6f3193cc4/opencv_python-4.11.0.86-cp37-abi3-manylinux_2_17_x86_64.manylinux2014_x86_64.whl", hash = "sha256:6b02611523803495003bd87362db3e1d2a0454a6a63025dc6658a9830570aa0d", size = 62986597, upload-time = "2025-01-16T13:52:08.836Z" },
    { url = "https://files.pythonhosted.org/packages/fb/d7/1d5941a9dde095468b288d989ff6539dd69cd429dbf1b9e839013d21b6f0/opencv_python-4.11.0.86-cp37-abi3-win32.whl", hash = "sha256:810549cb2a4aedaa84ad9a1c92fbfdfc14090e2749cedf2c1589ad8359aa169b", size = 29384337, upload-time = "2025-01-16T13:52:13.549Z" },
    { url = "https://files.pythonhosted.org/packages/a4/7d/f1c30a92854540bf789e9cd5dde7ef49bbe63f855b85a2e6b3db8135c591/opencv_python-4.11.0.86-cp37-abi3-win_amd64.whl", hash = "sha256:085ad9b77c18853ea66283e98affefe2de8cc4c1f43eda4c100cf9b2721142ec", size = 39488044, upload-time = "2025-01-16T13:52:21.928Z" },
]

[[package]]
name = "pyglet"
version = "2.1.13"
source = { registry = "https://pypi.org/simple" }
sdist = { url = "https://files.pythonhosted.org/packages/77/b4/b78df1ec545a151cb7ee64a1632e8f33ba8bd1a97329e4918e76761a80d9/pyglet-2.1.13.tar.gz", hash = "sha256:37a31c212b51658f7c125613f93818a199e8808f86e9b1abe7bfe5395661eee3", size = 6594811, upload-time = "2026-02-04T00:28:11.369Z" }
wheels = [
    { url = "https://files.pythonhosted.org/packages/73/54/14edde2376d6e264e66c6aeba0f31d58319084ae93b794503b5e140d45d1/pyglet-2.1.13-py3-none-any.whl", hash = "sha256:7ded34c30d07a9290b9bddb2aa91b2861be552144a87dc68fb6f4288b5dbb21a", size = 1032775, upload-time = "2026-02-04T00:28:06.954Z" },
]

[[package]]
name = "pyyaml"
version = "6.0.1"
source = { registry = "https://pypi.org/simple" }
sdist = { url = "https://files.pythonhosted.org/packages/cd/e5/af35f7ea75cf72f2cd079c95ee16797de7cd71f29ea7c68ae5ce7be1eda0/PyYAML-6.0.1.tar.gz", hash = "sha256:bfdf460b1736c775f2ba9f6a92bca30bc2095067b8a9d77876d1fad6cc3b4a43", size = 125201, upload-time = "2023-07-18T00:00:23.308Z" }
wheels = [
    { url = "https://files.pythonhosted.org/packages/96/06/4beb652c0fe16834032e54f0956443d4cc797fe645527acee59e7deaa0a2/PyYAML-6.0.1-cp310-cp310-macosx_10_9_x86_64.whl", hash = "sha256:d858aa552c999bc8a8d57426ed01e40bef403cd8ccdd0fc5f6f04a00414cac2a", size = 189447, upload-time = "2023-07-17T23:57:04.325Z" },
    { url = "https://files.pythonhosted.org/packages/5b/07/10033a403b23405a8fc48975444463d3d10a5c2736b7eb2550b07b367429/PyYAML-6.0.1-cp310-cp310-macosx_11_0_arm64.whl", hash = "sha256:fd66fc5d0da6d9815ba2cebeb4205f95818ff4b79c3ebe268e75d961704af52f", size = 169264, upload-time = "2023-07-17T23:57:07.787Z" },
    { url = "https://files.pythonhosted.org/packages/f1/26/55e4f21db1f72eaef092015d9017c11510e7e6301c62a6cfee91295d13c6/PyYAML-6.0.1-cp310-cp310-manylinux_2_17_aarch64.manylinux2014_aarch64.whl", hash = "sha256:69b023b2b4daa7548bcfbd4aa3da05b3a74b772db9e23b982788168117739938", size = 677003, upload-time = "2023-07-17T23:57:13.144Z" },
    { url = "https://files.pythonhosted.org/packages/ba/91/090818dfa62e85181f3ae23dd1e8b7ea7f09684864a900cab72d29c57346/PyYAML-6.0.1-cp310-cp310-manylinux_2_17_s390x.manylinux2014_s390x.whl", hash = "sha256:81e0b275a9ecc9c0c0c07b4b90ba548307583c125f54d5b6946cfee6360c733d", size = 699070, upload-time = "2023-07-17T23:57:19.402Z" },
    { url = "https://files.pythonhosted.org/packages/29/61/bf33c6c85c55bc45a29eee3195848ff2d518d84735eb0e2d8cb42e0d285e/PyYAML-6.0.1-cp310-cp310-manylinux_2_17_x86_64.manylinux2014_x86_64.whl", hash = "sha256:ba336e390cd8e4d1739f42dfe9bb83a3cc2e80f567d8805e11b46f4a943f5515", size = 705525, upload-time = "2023-07-17T23:57:25.272Z" },
    { url = "https://files.pythonhosted.org/packages/07/91/45dfd0ef821a7f41d9d0136ea3608bb5b1653e42fd56a7970532cb5c003f/PyYAML-6.0.1-cp310-cp310-musllinux_1_1_x86_64.whl", hash = "sha256:326c013efe8048858a6d312ddd31d56e468118ad4cdeda36c719bf5bb6192290", size = 707514, upload-time = "2023-08-28T18:43:20.945Z" },
    { url = "https://files.pythonhosted.org/packages/b6/a0/b6700da5d49e9fed49dc3243d3771b598dad07abb37cc32e524607f96adc/PyYAML-6.0.1-cp310-cp310-win32.whl", hash = "sha256:bd4af7373a854424dabd882decdc5579653d7868b8fb26dc7d0e99f823aa5924", size = 130488, upload-time = "2023-07-17T23:57:28.144Z" },
    { url = "https://files.pythonhosted.org/packages/24/97/9b59b43431f98d01806b288532da38099cc6f2fea0f3d712e21e269c0279/PyYAML-6.0.1-cp310-cp310-win_amd64.whl", hash = "sha256:fd1592b3fdf65fff2ad0004b5e363300ef59ced41c2e6b3a99d4089fa8c5435d", size = 145338, upload-time = "2023-07-17T23:57:31.118Z" },
]

[[package]]
name = "ruamel-yaml"
version = "0.18.6"
source = { registry = "https://pypi.org/simple" }
dependencies = [
    { name = "ruamel-yaml-clib", marker = "platform_python_implementation == 'CPython'" },
]
sdist = { url = "https://files.pythonhosted.org/packages/29/81/4dfc17eb6ebb1aac314a3eb863c1325b907863a1b8b1382cdffcb6ac0ed9/ruamel.yaml-0.18.6.tar.gz", hash = "sha256:8b27e6a217e786c6fbe5634d8f3f11bc63e0f80f6a5890f28863d9c45aac311b", size = 143362, upload-time = "2024-02-07T06:47:20.283Z" }
wheels = [
    { url = "https://files.pythonhosted.org/packages/73/67/8ece580cc363331d9a53055130f86b096bf16e38156e33b1d3014fffda6b/ruamel.yaml-0.18.6-py3-none-any.whl", hash = "sha256:57b53ba33def16c4f3d807c0ccbc00f8a6081827e81ba2491691b76882d0c636", size = 117761, upload-time = "2024-02-07T06:47:14.898Z" },
]

[[package]]
name = "ruamel-yaml-clib"
version = "0.2.15"
source = { registry = "https://pypi.org/simple" }
sdist = { url = "https://files.pythonhosted.org/packages/ea/97/60fda20e2fb54b83a61ae14648b0817c8f5d84a3821e40bfbdae1437026a/ruamel_yaml_clib-0.2.15.tar.gz", hash = "sha256:46e4cc8c43ef6a94885f72512094e482114a8a706d3c555a34ed4b0d20200600", size = 225794, upload-time = "2025-11-16T16:12:59.761Z" }
wheels = [
    { url = "https://files.pythonhosted.org/packages/f7/5a/4ab767cd42dcd65b83c323e1620d7c01ee60a52f4032fb7b61501f45f5c2/ruamel_yaml_clib-0.2.15-cp310-cp310-macosx_10_9_x86_64.whl", hash = "sha256:88eea8baf72f0ccf232c22124d122a7f26e8a24110a0273d9bcddcb0f7e1fa03", size = 147454, upload-time = "2025-11-16T16:13:02.54Z" },
    { url = "https://files.pythonhosted.org/packages/40/44/184173ac1e74fd35d308108bcbf83904d6ef8439c70763189225a166b238/ruamel_yaml_clib-0.2.15-cp310-cp310-macosx_11_0_arm64.whl", hash = "sha256:9b6f7d74d094d1f3a4e157278da97752f16ee230080ae331fcc219056ca54f77", size = 132467, upload-time = "2025-11-16T16:13:03.539Z" },
    { url = "https://files.pythonhosted.org/packages/49/1b/2d2077a25fe682ae335007ca831aff42e3cbc93c14066675cf87a6c7fc3e/ruamel_yaml_clib-0.2.15-cp310-cp310-manylinux1_i686.manylinux_2_28_i686.manylinux_2_5_i686.whl", hash = "sha256:4be366220090d7c3424ac2b71c90d1044ea34fca8c0b88f250064fd06087e614", size = 693454, upload-time = "2025-11-16T20:22:41.083Z" },
    { url = "https://files.pythonhosted.org/packages/90/16/e708059c4c429ad2e33be65507fc1730641e5f239fb2964efc1ba6edea94/ruamel_yaml_clib-0.2.15-cp310-cp310-manylinux2014_aarch64.manylinux_2_17_aarch64.manylinux_2_28_aarch64.whl", hash = "sha256:1f66f600833af58bea694d5892453f2270695b92200280ee8c625ec5a477eed3", size = 700345, upload-time = "2025-11-16T16:13:04.771Z" },
    { url = "https://files.pythonhosted.org/packages/d9/79/0e8ef51df1f0950300541222e3332f20707a9c210b98f981422937d1278c/ruamel_yaml_clib-0.2.15-cp310-cp310-manylinux2014_x86_64.manylinux_2_17_x86_64.manylinux_2_28_x86_64.whl", hash = "sha256:da3d6adadcf55a93c214d23941aef4abfd45652110aed6580e814152f385b862", size = 731306, upload-time = "2025-11-16T16:13:06.312Z" },
    { url = "https://files.pythonhosted.org/packages/a6/f4/2cdb54b142987ddfbd01fc45ac6bd882695fbcedb9d8bbf796adc3fc3746/ruamel_yaml_clib-0.2.15-cp310-cp310-musllinux_1_2_aarch64.whl", hash = "sha256:e9fde97ecb7bb9c41261c2ce0da10323e9227555c674989f8d9eb7572fc2098d", size = 692415, upload-time = "2025-11-16T16:13:07.465Z" },
    { url = "https://files.pythonhosted.org/packages/a0/07/40b5fc701cce8240a3e2d26488985d3bbdc446e9fe397c135528d412fea6/ruamel_yaml_clib-0.2.15-cp310-cp310-musllinux_1_2_i686.whl", hash = "sha256:05c70f7f86be6f7bee53794d80050a28ae7e13e4a0087c1839dcdefd68eb36b6", size = 705007, upload-time = "2025-11-16T20:22:42.856Z" },
    { url = "https://files.pythonhosted.org/packages/82/19/309258a1df6192fb4a77ffa8eae3e8150e8d0ffa56c1b6fa92e450ba2740/ruamel_yaml_clib-0.2.15-cp310-cp310-musllinux_1_2_x86_64.whl", hash = "sha256:6f1d38cbe622039d111b69e9ca945e7e3efebb30ba998867908773183357f3ed", size = 723974, upload-time = "2025-11-16T16:13:08.72Z" },
    { url = "https://files.pythonhosted.org/packages/67/3a/d6ee8263b521bfceb5cd2faeb904a15936480f2bb01c7ff74a14ec058ca4/ruamel_yaml_clib-0.2.15-cp310-cp310-win32.whl", hash = "sha256:fe239bdfdae2302e93bd6e8264bd9b71290218fff7084a9db250b55caaccf43f", size = 102836, upload-time = "2025-11-16T16:13:10.27Z" },
    { url = "https://files.pythonhosted.org/packages/ed/03/92aeb5c69018387abc49a8bb4f83b54a0471d9ef48e403b24bac68f01381/ruamel_yaml_clib-0.2.15-cp310-cp310-win_amd64.whl", hash = "sha256:468858e5cbde0198337e6a2a78eda8c3fb148bdf4c6498eaf4bc9ba3f8e780bd", size = 121917, upload-time = "2025-11-16T16:13:12.145Z" },
]

[[package]]
name = "scipy"
version = "1.15.3"
source = { registry = "https://pypi.org/simple" }
dependencies = [
    { name = "numpy" },
]
sdist = { url = "https://files.pythonhosted.org/packages/0f/37/6964b830433e654ec7485e45a00fc9a27cf868d622838f6b6d9c5ec0d532/scipy-1.15.3.tar.gz", hash = "sha256:eae3cf522bc7df64b42cad3925c876e1b0b6c35c1337c93e12c0f366f55b0eaf", size = 59419214, upload-time = "2025-05-08T16:13:05.955Z" }
wheels = [
    { url = "https://files.pythonhosted.org/packages/78/2f/4966032c5f8cc7e6a60f1b2e0ad686293b9474b65246b0c642e3ef3badd0/scipy-1.15.3-cp310-cp310-macosx_10_13_x86_64.whl", hash = "sha256:a345928c86d535060c9c2b25e71e87c39ab2f22fc96e9636bd74d1dbf9de448c", size = 38702770, upload-time = "2025-05-08T16:04:20.849Z" },
    { url = "https://files.pythonhosted.org/packages/a0/6e/0c3bf90fae0e910c274db43304ebe25a6b391327f3f10b5dcc638c090795/scipy-1.15.3-cp310-cp310-macosx_12_0_arm64.whl", hash = "sha256:ad3432cb0f9ed87477a8d97f03b763fd1d57709f1bbde3c9369b1dff5503b253", size = 30094511, upload-time = "2025-05-08T16:04:27.103Z" },
    { url = "https://files.pythonhosted.org/packages/ea/b1/4deb37252311c1acff7f101f6453f0440794f51b6eacb1aad4459a134081/scipy-1.15.3-cp310-cp310-macosx_14_0_arm64.whl", hash = "sha256:aef683a9ae6eb00728a542b796f52a5477b78252edede72b8327a886ab63293f", size = 22368151, upload-time = "2025-05-08T16:04:31.731Z" },
    { url = "https://files.pythonhosted.org/packages/38/7d/f457626e3cd3c29b3a49ca115a304cebb8cc6f31b04678f03b216899d3c6/scipy-1.15.3-cp310-cp310-macosx_14_0_x86_64.whl", hash = "sha256:1c832e1bd78dea67d5c16f786681b28dd695a8cb1fb90af2e27580d3d0967e92", size = 25121732, upload-time = "2025-05-08T16:04:36.596Z" },
    { url = "https://files.pythonhosted.org/packages/db/0a/92b1de4a7adc7a15dcf5bddc6e191f6f29ee663b30511ce20467ef9b82e4/scipy-1.15.3-cp310-cp310-manylinux_2_17_aarch64.manylinux2014_aarch64.whl", hash = "sha256:263961f658ce2165bbd7b99fa5135195c3a12d9bef045345016b8b50c315cb82", size = 35547617, upload-time = "2025-05-08T16:04:43.546Z" },
    { url = "https://files.pythonhosted.org/packages/8e/6d/41991e503e51fc1134502694c5fa7a1671501a17ffa12716a4a9151af3df/scipy-1.15.3-cp310-cp310-manylinux_2_17_x86_64.manylinux2014_x86_64.whl", hash = "sha256:9e2abc762b0811e09a0d3258abee2d98e0c703eee49464ce0069590846f31d40", size = 37662964, upload-time = "2025-05-08T16:04:49.431Z" },
    { url = "https://files.pythonhosted.org/packages/25/e1/3df8f83cb15f3500478c889be8fb18700813b95e9e087328230b98d547ff/scipy-1.15.3-cp310-cp310-musllinux_1_2_aarch64.whl", hash = "sha256:ed7284b21a7a0c8f1b6e5977ac05396c0d008b89e05498c8b7e8f4a1423bba0e", size = 37238749, upload-time = "2025-05-08T16:04:55.215Z" },
    { url = "https://files.pythonhosted.org/packages/93/3e/b3257cf446f2a3533ed7809757039016b74cd6f38271de91682aa844cfc5/scipy-1.15.3-cp310-cp310-musllinux_1_2_x86_64.whl", hash = "sha256:5380741e53df2c566f4d234b100a484b420af85deb39ea35a1cc1be84ff53a5c", size = 40022383, upload-time = "2025-05-08T16:05:01.914Z" },
    { url = "https://files.pythonhosted.org/packages/d1/84/55bc4881973d3f79b479a5a2e2df61c8c9a04fcb986a213ac9c02cfb659b/scipy-1.15.3-cp310-cp310-win_amd64.whl", hash = "sha256:9d61e97b186a57350f6d6fd72640f9e99d5a4a2b8fbf4b9ee9a841eab327dc13", size = 41259201, upload-time = "2025-05-08T16:05:08.166Z" },
]

[[package]]
name = "shapely"
version = "1.8.4"
source = { registry = "https://pypi.org/simple" }
sdist = { url = "https://files.pythonhosted.org/packages/b5/9a/625d4fc91ef85873801a16700840786117df4c016162a4532c998a7fe6bc/Shapely-1.8.4.tar.gz", hash = "sha256:a195e51caafa218291f2cbaa3fef69fd3353c93ec4b65b2a4722c4cf40c3198c", size = 199920, upload-time = "2022-08-17T21:27:58.055Z" }
wheels = [
    { url = "https://files.pythonhosted.org/packages/f9/07/8ad2ec849870619a4186f59e5dda8992987245ffb5666c84e6e9805ef9cb/Shapely-1.8.4-cp310-cp310-macosx_10_9_universal2.whl", hash = "sha256:6702a5df484ca92bbd1494b5945dd7d6b8f6caab13ca9f6240e64034a114fa13", size = 2174172, upload-time = "2022-08-17T21:26:37.685Z" },
    { url = "https://files.pythonhosted.org/packages/f5/a8/02347c450b5507b9a7a2c15ad6a029613149468fc55ac2100ab215666159/Shapely-1.8.4-cp310-cp310-macosx_10_9_x86_64.whl", hash = "sha256:79da29fde8ad2ca791b324f2cc3e75093573f69488ade7b524f79d781b042699", size = 1206440, upload-time = "2022-08-17T21:26:41.97Z" },
    { url = "https://files.pythonhosted.org/packages/ba/d0/75cd36c81a1aa26dd6d37cf7ae1c79b0bc2d379e0f32c359bcb00b14e5c3/Shapely-1.8.4-cp310-cp310-macosx_11_0_arm64.whl", hash = "sha256:eac2d08c0a02dccffd7f836901ea1d1b0f8e7ff3878b2c7a45443f0a34e7f087", size = 1061376, upload-time = "2022-08-17T21:26:44.936Z" },
    { url = "https://files.pythonhosted.org/packages/60/20/c6321e3da92a4ad9495727c9aa8c423e47295572ccd35ece82d1ac013e28/Shapely-1.8.4-cp310-cp310-manylinux_2_12_x86_64.manylinux2010_x86_64.whl", hash = "sha256:007f0d51d045307dc3addd1c318d18f450c565c8ea96ea41304e020ca34d85b7", size = 2042042, upload-time = "2022-08-17T21:26:47.823Z" },
    { url = "https://files.pythonhosted.org/packages/0e/7d/89d8027dff40d81e818fed6bac2d5153a08417137e9a2dadab70528316b7/Shapely-1.8.4-cp310-cp310-manylinux_2_17_aarch64.manylinux2014_aarch64.whl", hash = "sha256:04f416aa8ca9480b5cd74d2184fe43d4196a5941046661f7be27fe5c10f89ede", size = 1251221, upload-time = "2022-08-30T23:43:26.526Z" },
    { url = "https://files.pythonhosted.org/packages/dc/4f/99450eed96f614c3ad3469df9dfa27cb4646150b48e97d71e7a0c51cdc9f/Shapely-1.8.4-cp310-cp310-win32.whl", hash = "sha256:f6801a33897fb54ce39d5e841214192ecf95f4ddf8458d17e196a314fefe43bb", size = 1172028, upload-time = "2022-08-17T21:26:50.076Z" },
    { url = "https://files.pythonhosted.org/packages/24/b5/46d13799804b5fe9ede2eca8b19023410e29b78baca0bff727671a1df8c1/Shapely-1.8.4-cp310-cp310-win_amd64.whl", hash = "sha256:e018163500109ab4c9ad51d018ba28abb1aed5b0451476859e189fbb00c46c7b", size = 1300680, upload-time = "2022-08-17T21:26:53.02Z" },
]

[[package]]
name = "six"
version = "1.17.0"
source = { registry = "https://pypi.org/simple" }
sdist = { url = "https://files.pythonhosted.org/packages/94/e7/b2c673351809dca68a0e064b6af791aa332cf192da575fd474ed7d6f16a2/six-1.17.0.tar.gz", hash = "sha256:ff70335d468e7eb6ec65b95b99d3a2836546063f63acc5171de367e834932a81", size = 34031, upload-time = "2024-12-04T17:35:28.174Z" }
wheels = [
    { url = "https://files.pythonhosted.org/packages/b7/ce/149a00dd41f10bc29e5921b496af8b574d8413afcd5e30dfa0ed46c2cc5e/six-1.17.0-py2.py3-none-any.whl", hash = "sha256:4721f391ed90541fddacab5acf947aa0d3dc7d27b2e1e8eda2be8970586c3274", size = 11050, upload-time = "2024-12-04T17:35:26.475Z" },
]

[[package]]
name = "typing-extensions"
version = "4.5.0"
source = { registry = "https://pypi.org/simple" }
sdist = { url = "https://files.pythonhosted.org/packages/d3/20/06270dac7316220643c32ae61694e451c98f8caf4c8eab3aa80a2bedf0df/typing_extensions-4.5.0.tar.gz", hash = "sha256:5cb5f4a79139d699607b3ef622a1dedafa84e115ab0024e0d9c044a9479ca7cb", size = 52399, upload-time = "2023-02-15T00:17:55.502Z" }
wheels = [
    { url = "https://files.pythonhosted.org/packages/31/25/5abcd82372d3d4a3932e1fa8c3dbf9efac10cc7c0d16e78467460571b404/typing_extensions-4.5.0-py3-none-any.whl", hash = "sha256:fb33085c39dd998ac16d1431ebc293a8b3eedd00fd4a32de0ff79002c19511b4", size = 27736, upload-time = "2023-02-15T00:17:53.726Z" },
]

[[package]]
name = "werkzeug"
version = "3.1.5"
source = { registry = "https://pypi.org/simple" }
dependencies = [
    { name = "markupsafe" },
]
sdist = { url = "https://files.pythonhosted.org/packages/5a/70/1469ef1d3542ae7c2c7b72bd5e3a4e6ee69d7978fa8a3af05a38eca5becf/werkzeug-3.1.5.tar.gz", hash = "sha256:6a548b0e88955dd07ccb25539d7d0cc97417ee9e179677d22c7041c8f078ce67", size = 864754, upload-time = "2026-01-08T17:49:23.247Z" }
wheels = [
    { url = "https://files.pythonhosted.org/packages/ad/e4/8d97cca767bcc1be76d16fb76951608305561c6e056811587f36cb1316a8/werkzeug-3.1.5-py3-none-any.whl", hash = "sha256:5111e36e91086ece91f93268bb39b4a35c1e6f1feac762c9c822ded0a4e322dc", size = 225025, upload-time = "2026-01-08T17:49:21.859Z" },
]

[[package]]
name = "wiser"
version = "0.1.0"
source = { virtual = "." }
dependencies = [
    { name = "carla" },
    { name = "flask" },
    { name = "gym" },
    { name = "networkx" },
    { name = "numpy" },
    { name = "opencv-python" },
    { name = "pyyaml" },
    { name = "ruamel-yaml" },
    { name = "shapely" },
    { name = "typing-extensions" },
]

[package.metadata]
requires-dist = [
    { name = "carla", specifier = "==0.9.15" },
    { name = "flask", specifier = "==3.0.3" },
    { name = "gym", specifier = "==0.12.5" },
    { name = "networkx", specifier = "==3.1" },
    { name = "numpy", specifier = "==1.24.3" },
    { name = "opencv-python", specifier = ">=4.9,<5.0" },
    { name = "pyyaml", specifier = "==6.0.1" },
    { name = "ruamel-yaml", specifier = "==0.18.6" },
    { name = "shapely", specifier = "==1.8.4" },
    { name = "typing-extensions", specifier = "==4.5.0" },
]
